{
  "name": "a_star",
  "version": "1.0.0",
  "lockfileVersion": 3,
  "requires": true,
  "packages": {
    "": {
      "name": "a_star",
      "version": "1.0.0",
      "license": "ISC",
      "dependencies": {
        "@types/node": "^20.4.5",
        "colorts": "^0.1.63",
        "typescript": "^5.1.6"
      }
    },
    "node_modules/@types/node": {
      "version": "20.4.5",
      "resolved": "https://registry.npmjs.org/@types/node/-/node-20.4.5.tgz",
      "integrity": "sha512-rt40Nk13II9JwQBdeYqmbn2Q6IVTA5uPhvSO+JVqdXw/6/4glI6oR9ezty/A9Hg5u7JH4OmYmuQ+XvjKm0Datg=="
    },
    "node_modules/colorts": {
      "version": "0.1.63",
      "resolved": "https://registry.npmjs.org/colorts/-/colorts-0.1.63.tgz",
      "integrity": "sha512-prWZKocUjLYvt9Jx4j+KEkeQSm9rvGA2ZB90Je6odMyXPthpb1pTW9/0RxUZ/CRXc+DsydMLOQIrDBgdx5jjOg==",
      "engines": {
        "node": ">=8.1.90"
      }
    },
    "node_modules/typescript": {
      "version": "5.1.6",
      "resolved": "https://registry.npmjs.org/typescript/-/typescript-5.1.6.tgz",
      "integrity": "sha512-zaWCozRZ6DLEWAWFrVDz1H6FVXzUSfTy5FUMWsQlU8Ym5JP9eO4xkTIROFCQvhQf61z6O/G6ugw3SgAnvvm+HA==",
      "bin": {
        "tsc": "bin/tsc",
        "tsserver": "bin/tsserver"
      },
      "engines": {
        "node": ">=14.17"
      }
    }
  }
}
